// !$*UTF8*$!
{
	archiveVersion = 1;
	classes = {
	};
	objectVersion = 54;
	objects = {

/* Begin PBXBuildFile section */
		20354F3E2D413CF0007F025B /* Theme.swift in Sources */ = {isa = PBXBuildFile; fileRef = 20354F3D2D413CF0007F025B /* Theme.swift */; };
		20354F3F2D413CF0007F025B /* ShapeTheme.swift in Sources */ = {isa = PBXBuildFile; fileRef = 20354F3C2D413CF0007F025B /* ShapeTheme.swift */; };
		20354F432D415545007F025B /* SpacingMode.swift in Sources */ = {isa = PBXBuildFile; fileRef = 20354F422D415545007F025B /* SpacingMode.swift */; };
		20354F452D418A10007F025B /* UIColor+Extension.swift in Sources */ = {isa = PBXBuildFile; fileRef = 20354F442D418A10007F025B /* UIColor+Extension.swift */; };
		20354F4A2D41A5BC007F025B /* ColorTheme.swift in Sources */ = {isa = PBXBuildFile; fileRef = 20354F492D41A5BC007F025B /* ColorTheme.swift */; };
		20354F522D42678C007F025B /* FileConfiguration.swift in Sources */ = {isa = PBXBuildFile; fileRef = 20354F512D42678C007F025B /* FileConfiguration.swift */; };
		20354F542D42BA77007F025B /* IllustrationTheme.swift in Sources */ = {isa = PBXBuildFile; fileRef = 20354F532D42BA77007F025B /* IllustrationTheme.swift */; };
		20354F562D42BAFF007F025B /* Illustration.swift in Sources */ = {isa = PBXBuildFile; fileRef = 20354F552D42BAFF007F025B /* Illustration.swift */; };
		20354F5E2D4390D3007F025B /* IconTheme.swift in Sources */ = {isa = PBXBuildFile; fileRef = 20354F5D2D4390D3007F025B /* IconTheme.swift */; };
		20354F602D4390D8007F025B /* Icon.swift in Sources */ = {isa = PBXBuildFile; fileRef = 20354F5F2D4390D8007F025B /* Icon.swift */; };
		20354F622D4395F0007F025B /* SymbolWeight.swift in Sources */ = {isa = PBXBuildFile; fileRef = 20354F612D4395F0007F025B /* SymbolWeight.swift */; };
		20354F6A2D43E83C007F025B /* TypographyTheme.swift in Sources */ = {isa = PBXBuildFile; fileRef = 20354F692D43E83C007F025B /* TypographyTheme.swift */; };
		20354F6C2D43ED91007F025B /* TypographyStyle.swift in Sources */ = {isa = PBXBuildFile; fileRef = 20354F6B2D43ED91007F025B /* TypographyStyle.swift */; };
		20354F6E2D43FC21007F025B /* FontWeight.swift in Sources */ = {isa = PBXBuildFile; fileRef = 20354F6D2D43FC21007F025B /* FontWeight.swift */; };
		20354F702D43FC41007F025B /* FontDesign.swift in Sources */ = {isa = PBXBuildFile; fileRef = 20354F6F2D43FC41007F025B /* FontDesign.swift */; };
		205F0BA12D3BFEFB0063BF19 /* RNYotiDocScan.swift in Sources */ = {isa = PBXBuildFile; fileRef = 205F0BA02D3BFEFB0063BF19 /* RNYotiDocScan.swift */; };
		20C21B632A1E794C0065E753 /* RNYotiDocScan.m in Sources */ = {isa = PBXBuildFile; fileRef = 20C21B612A1E794C0065E753 /* RNYotiDocScan.m */; };
		20C2FCC52DC4D581001A7C3E /* Configuration.swift in Sources */ = {isa = PBXBuildFile; fileRef = 20C2FCC42DC4D581001A7C3E /* Configuration.swift */; };
/* End PBXBuildFile section */

/* Begin PBXFileReference section */
		20354F3C2D413CF0007F025B /* ShapeTheme.swift */ = {isa = PBXFileReference; lastKnownFileType = sourcecode.swift; path = ShapeTheme.swift; sourceTree = "<group>"; };
		20354F3D2D413CF0007F025B /* Theme.swift */ = {isa = PBXFileReference; lastKnownFileType = sourcecode.swift; path = Theme.swift; sourceTree = "<group>"; };
		20354F422D415545007F025B /* SpacingMode.swift */ = {isa = PBXFileReference; lastKnownFileType = sourcecode.swift; path = SpacingMode.swift; sourceTree = "<group>"; };
		20354F442D418A10007F025B /* UIColor+Extension.swift */ = {isa = PBXFileReference; lastKnownFileType = sourcecode.swift; path = "UIColor+Extension.swift"; sourceTree = "<group>"; };
		20354F492D41A5BC007F025B /* ColorTheme.swift */ = {isa = PBXFileReference; lastKnownFileType = sourcecode.swift; path = ColorTheme.swift; sourceTree = "<group>"; };
		20354F512D42678C007F025B /* FileConfiguration.swift */ = {isa = PBXFileReference; lastKnownFileType = sourcecode.swift; path = FileConfiguration.swift; sourceTree = "<group>"; };
		20354F532D42BA77007F025B /* IllustrationTheme.swift */ = {isa = PBXFileReference; lastKnownFileType = sourcecode.swift; path = IllustrationTheme.swift; sourceTree = "<group>"; };
		20354F552D42BAFF007F025B /* Illustration.swift */ = {isa = PBXFileReference; lastKnownFileType = sourcecode.swift; path = Illustration.swift; sourceTree = "<group>"; };
		20354F5D2D4390D3007F025B /* IconTheme.swift */ = {isa = PBXFileReference; lastKnownFileType = sourcecode.swift; path = IconTheme.swift; sourceTree = "<group>"; };
		20354F5F2D4390D8007F025B /* Icon.swift */ = {isa = PBXFileReference; lastKnownFileType = sourcecode.swift; path = Icon.swift; sourceTree = "<group>"; };
		20354F612D4395F0007F025B /* SymbolWeight.swift */ = {isa = PBXFileReference; lastKnownFileType = sourcecode.swift; path = SymbolWeight.swift; sourceTree = "<group>"; };
		20354F692D43E83C007F025B /* TypographyTheme.swift */ = {isa = PBXFileReference; lastKnownFileType = sourcecode.swift; path = TypographyTheme.swift; sourceTree = "<group>"; };
		20354F6B2D43ED91007F025B /* TypographyStyle.swift */ = {isa = PBXFileReference; lastKnownFileType = sourcecode.swift; path = TypographyStyle.swift; sourceTree = "<group>"; };
		20354F6D2D43FC21007F025B /* FontWeight.swift */ = {isa = PBXFileReference; lastKnownFileType = sourcecode.swift; path = FontWeight.swift; sourceTree = "<group>"; };
		20354F6F2D43FC41007F025B /* FontDesign.swift */ = {isa = PBXFileReference; lastKnownFileType = sourcecode.swift; path = FontDesign.swift; sourceTree = "<group>"; };
		205F0B9F2D3BFEFB0063BF19 /* RNYotiDocScan-Bridging-Header.h */ = {isa = PBXFileReference; lastKnownFileType = sourcecode.c.h; path = "RNYotiDocScan-Bridging-Header.h"; sourceTree = "<group>"; };
		205F0BA02D3BFEFB0063BF19 /* RNYotiDocScan.swift */ = {isa = PBXFileReference; lastKnownFileType = sourcecode.swift; path = RNYotiDocScan.swift; sourceTree = "<group>"; };
		20C21B612A1E794C0065E753 /* RNYotiDocScan.m */ = {isa = PBXFileReference; fileEncoding = 4; lastKnownFileType = sourcecode.c.objc; path = RNYotiDocScan.m; sourceTree = "<group>"; };
		20C2FCC42DC4D581001A7C3E /* Configuration.swift */ = {isa = PBXFileReference; lastKnownFileType = sourcecode.swift; path = Configuration.swift; sourceTree = "<group>"; };
		2224907023E3E53500258582 /* libRNYotiDocScan.a */ = {isa = PBXFileReference; explicitFileType = archive.ar; includeInIndex = 0; path = libRNYotiDocScan.a; sourceTree = BUILT_PRODUCTS_DIR; };
/* End PBXFileReference section */

/* Begin PBXGroup section */
		20354F4D2D41A949007F025B /* Theme */ = {
			isa = PBXGroup;
			children = (
				20354F492D41A5BC007F025B /* ColorTheme.swift */,
				20354F6F2D43FC41007F025B /* FontDesign.swift */,
				20354F6D2D43FC21007F025B /* FontWeight.swift */,
				20354F5F2D4390D8007F025B /* Icon.swift */,
				20354F5D2D4390D3007F025B /* IconTheme.swift */,
				20354F552D42BAFF007F025B /* Illustration.swift */,
				20354F532D42BA77007F025B /* IllustrationTheme.swift */,
				20354F3C2D413CF0007F025B /* ShapeTheme.swift */,
				20354F422D415545007F025B /* SpacingMode.swift */,
				20354F612D4395F0007F025B /* SymbolWeight.swift */,
				20354F3D2D413CF0007F025B /* Theme.swift */,
				20354F6B2D43ED91007F025B /* TypographyStyle.swift */,
				20354F692D43E83C007F025B /* TypographyTheme.swift */,
				20354F442D418A10007F025B /* UIColor+Extension.swift */,
			);
			path = Theme;
			sourceTree = "<group>";
		};
		2224906723E3E53500258582 = {
			isa = PBXGroup;
			children = (
				205F0B9F2D3BFEFB0063BF19 /* RNYotiDocScan-Bridging-Header.h */,
				20C21B612A1E794C0065E753 /* RNYotiDocScan.m */,
				205F0BA02D3BFEFB0063BF19 /* RNYotiDocScan.swift */,
				20C2FCC42DC4D581001A7C3E /* Configuration.swift */,
				20354F512D42678C007F025B /* FileConfiguration.swift */,
				2224907123E3E53500258582 /* Products */,
				20354F4D2D41A949007F025B /* Theme */,
			);
			sourceTree = "<group>";
		};
		2224907123E3E53500258582 /* Products */ = {
			isa = PBXGroup;
			children = (
				2224907023E3E53500258582 /* libRNYotiDocScan.a */,
			);
			name = Products;
			sourceTree = "<group>";
		};
/* End PBXGroup section */

/* Begin PBXNativeTarget section */
		2224906F23E3E53500258582 /* RNYotiDocScan */ = {
			isa = PBXNativeTarget;
			buildConfigurationList = 2224907923E3E53500258582 /* Build configuration list for PBXNativeTarget "RNYotiDocScan" */;
			buildPhases = (
				2224906C23E3E53500258582 /* Sources */,
			);
			buildRules = (
			);
			dependencies = (
			);
			name = RNYotiDocScan;
			productName = rnyotidocscan;
			productReference = 2224907023E3E53500258582 /* libRNYotiDocScan.a */;
			productType = "com.apple.product-type.library.static";
		};
/* End PBXNativeTarget section */

/* Begin PBXProject section */
		2224906823E3E53500258582 /* Project object */ = {
			isa = PBXProject;
			attributes = {
				BuildIndependentTargetsInParallel = YES;
				LastUpgradeCheck = 1620;
				ORGANIZATIONNAME = "Yoti Ltd";
				TargetAttributes = {
					2224906F23E3E53500258582 = {
						CreatedOnToolsVersion = 11.2;
						LastSwiftMigration = 1620;
					};
				};
			};
			buildConfigurationList = 2224906B23E3E53500258582 /* Build configuration list for PBXProject "RNYotiDocScan" */;
			compatibilityVersion = "Xcode 9.3";
			developmentRegion = en;
			hasScannedForEncodings = 0;
			knownRegions = (
				en,
				Base,
			);
			mainGroup = 2224906723E3E53500258582;
			productRefGroup = 2224907123E3E53500258582 /* Products */;
			projectDirPath = "";
			projectRoot = "";
			targets = (
				2224906F23E3E53500258582 /* RNYotiDocScan */,
			);
		};
/* End PBXProject section */

/* Begin PBXSourcesBuildPhase section */
		2224906C23E3E53500258582 /* Sources */ = {
			isa = PBXSourcesBuildPhase;
			buildActionMask = 2147483647;
			files = (
				20354F6C2D43ED91007F025B /* TypographyStyle.swift in Sources */,
				20354F432D415545007F025B /* SpacingMode.swift in Sources */,
				20354F4A2D41A5BC007F025B /* ColorTheme.swift in Sources */,
				20354F542D42BA77007F025B /* IllustrationTheme.swift in Sources */,
				20354F562D42BAFF007F025B /* Illustration.swift in Sources */,
				20354F6A2D43E83C007F025B /* TypographyTheme.swift in Sources */,
				20354F702D43FC41007F025B /* FontDesign.swift in Sources */,
				205F0BA12D3BFEFB0063BF19 /* RNYotiDocScan.swift in Sources */,
				20354F3E2D413CF0007F025B /* Theme.swift in Sources */,
				20354F602D4390D8007F025B /* Icon.swift in Sources */,
				20354F5E2D4390D3007F025B /* IconTheme.swift in Sources */,
				20354F6E2D43FC21007F025B /* FontWeight.swift in Sources */,
				20C2FCC52DC4D581001A7C3E /* Configuration.swift in Sources */,
				20354F452D418A10007F025B /* UIColor+Extension.swift in Sources */,
				20354F3F2D413CF0007F025B /* ShapeTheme.swift in Sources */,
				20354F522D42678C007F025B /* FileConfiguration.swift in Sources */,
				20354F622D4395F0007F025B /* SymbolWeight.swift in Sources */,
				20C21B632A1E794C0065E753 /* RNYotiDocScan.m in Sources */,
			);
			runOnlyForDeploymentPostprocessing = 0;
		};
/* End PBXSourcesBuildPhase section */

/* Begin XCBuildConfiguration section */
		2224907723E3E53500258582 /* Debug */ = {
			isa = XCBuildConfiguration;
			buildSettings = {
				ALWAYS_SEARCH_USER_PATHS = NO;
				CLANG_ANALYZER_NONNULL = YES;
				CLANG_ANALYZER_NUMBER_OBJECT_CONVERSION = YES_AGGRESSIVE;
				CLANG_CXX_LANGUAGE_STANDARD = "gnu++14";
				CLANG_CXX_LIBRARY = "libc++";
				CLANG_ENABLE_MODULES = YES;
				CLANG_ENABLE_OBJC_ARC = YES;
				CLANG_ENABLE_OBJC_WEAK = YES;
				CLANG_WARN_BLOCK_CAPTURE_AUTORELEASING = YES;
				CLANG_WARN_BOOL_CONVERSION = YES;
				CLANG_WARN_COMMA = YES;
				CLANG_WARN_CONSTANT_CONVERSION = YES;
				CLANG_WARN_DEPRECATED_OBJC_IMPLEMENTATIONS = YES;
				CLANG_WARN_DIRECT_OBJC_ISA_USAGE = YES_ERROR;
				CLANG_WARN_DOCUMENTATION_COMMENTS = YES;
				CLANG_WARN_EMPTY_BODY = YES;
				CLANG_WARN_ENUM_CONVERSION = YES;
				CLANG_WARN_INFINITE_RECURSION = YES;
				CLANG_WARN_INT_CONVERSION = YES;
				CLANG_WARN_NON_LITERAL_NULL_CONVERSION = YES;
				CLANG_WARN_OBJC_IMPLICIT_RETAIN_SELF = YES;
				CLANG_WARN_OBJC_LITERAL_CONVERSION = YES;
				CLANG_WARN_OBJC_ROOT_CLASS = YES_ERROR;
				CLANG_WARN_QUOTED_INCLUDE_IN_FRAMEWORK_HEADER = YES;
				CLANG_WARN_RANGE_LOOP_ANALYSIS = YES;
				CLANG_WARN_STRICT_PROTOTYPES = YES;
				CLANG_WARN_SUSPICIOUS_MOVE = YES;
				CLANG_WARN_UNGUARDED_AVAILABILITY = YES_AGGRESSIVE;
				CLANG_WARN_UNREACHABLE_CODE = YES;
				CLANG_WARN__DUPLICATE_METHOD_MATCH = YES;
				COPY_PHASE_STRIP = NO;
				DEBUG_INFORMATION_FORMAT = dwarf;
				ENABLE_STRICT_OBJC_MSGSEND = YES;
				ENABLE_TESTABILITY = YES;
				GCC_C_LANGUAGE_STANDARD = gnu11;
				GCC_DYNAMIC_NO_PIC = NO;
				GCC_NO_COMMON_BLOCKS = YES;
				GCC_OPTIMIZATION_LEVEL = 0;
				GCC_PREPROCESSOR_DEFINITIONS = (
					"DEBUG=1",
					"$(inherited)",
				);
				GCC_WARN_64_TO_32_BIT_CONVERSION = YES;
				GCC_WARN_ABOUT_RETURN_TYPE = YES_ERROR;
				GCC_WARN_UNDECLARED_SELECTOR = YES;
				GCC_WARN_UNINITIALIZED_AUTOS = YES_AGGRESSIVE;
				GCC_WARN_UNUSED_FUNCTION = YES;
				GCC_WARN_UNUSED_VARIABLE = YES;
				IPHONEOS_DEPLOYMENT_TARGET = 14.0;
				MTL_ENABLE_DEBUG_INFO = INCLUDE_SOURCE;
				MTL_FAST_MATH = YES;
				ONLY_ACTIVE_ARCH = YES;
				SDKROOT = iphoneos;
			};
			name = Debug;
		};
		2224907823E3E53500258582 /* Release */ = {
			isa = XCBuildConfiguration;
			buildSettings = {
				ALWAYS_SEARCH_USER_PATHS = NO;
				CLANG_ANALYZER_NONNULL = YES;
				CLANG_ANALYZER_NUMBER_OBJECT_CONVERSION = YES_AGGRESSIVE;
				CLANG_CXX_LANGUAGE_STANDARD = "gnu++14";
				CLANG_CXX_LIBRARY = "libc++";
				CLANG_ENABLE_MODULES = YES;
				CLANG_ENABLE_OBJC_ARC = YES;
				CLANG_ENABLE_OBJC_WEAK = YES;
				CLANG_WARN_BLOCK_CAPTURE_AUTORELEASING = YES;
				CLANG_WARN_BOOL_CONVERSION = YES;
				CLANG_WARN_COMMA = YES;
				CLANG_WARN_CONSTANT_CONVERSION = YES;
				CLANG_WARN_DEPRECATED_OBJC_IMPLEMENTATIONS = YES;
				CLANG_WARN_DIRECT_OBJC_ISA_USAGE = YES_ERROR;
				CLANG_WARN_DOCUMENTATION_COMMENTS = YES;
				CLANG_WARN_EMPTY_BODY = YES;
				CLANG_WARN_ENUM_CONVERSION = YES;
				CLANG_WARN_INFINITE_RECURSION = YES;
				CLANG_WARN_INT_CONVERSION = YES;
				CLANG_WARN_NON_LITERAL_NULL_CONVERSION = YES;
				CLANG_WARN_OBJC_IMPLICIT_RETAIN_SELF = YES;
				CLANG_WARN_OBJC_LITERAL_CONVERSION = YES;
				CLANG_WARN_OBJC_ROOT_CLASS = YES_ERROR;
				CLANG_WARN_QUOTED_INCLUDE_IN_FRAMEWORK_HEADER = YES;
				CLANG_WARN_RANGE_LOOP_ANALYSIS = YES;
				CLANG_WARN_STRICT_PROTOTYPES = YES;
				CLANG_WARN_SUSPICIOUS_MOVE = YES;
				CLANG_WARN_UNGUARDED_AVAILABILITY = YES_AGGRESSIVE;
				CLANG_WARN_UNREACHABLE_CODE = YES;
				CLANG_WARN__DUPLICATE_METHOD_MATCH = YES;
				COPY_PHASE_STRIP = NO;
				DEBUG_INFORMATION_FORMAT = "dwarf-with-dsym";
				ENABLE_NS_ASSERTIONS = NO;
				ENABLE_STRICT_OBJC_MSGSEND = YES;
				GCC_C_LANGUAGE_STANDARD = gnu11;
				GCC_NO_COMMON_BLOCKS = YES;
				GCC_WARN_64_TO_32_BIT_CONVERSION = YES;
				GCC_WARN_ABOUT_RETURN_TYPE = YES_ERROR;
				GCC_WARN_UNDECLARED_SELECTOR = YES;
				GCC_WARN_UNINITIALIZED_AUTOS = YES_AGGRESSIVE;
				GCC_WARN_UNUSED_FUNCTION = YES;
				GCC_WARN_UNUSED_VARIABLE = YES;
				IPHONEOS_DEPLOYMENT_TARGET = 14.0;
				MTL_ENABLE_DEBUG_INFO = NO;
				MTL_FAST_MATH = YES;
				SDKROOT = iphoneos;
				SWIFT_COMPILATION_MODE = wholemodule;
				VALIDATE_PRODUCT = YES;
			};
			name = Release;
		};
		2224907A23E3E53500258582 /* Debug */ = {
			isa = XCBuildConfiguration;
			buildSettings = {
				CODE_SIGN_STYLE = Automatic;
				OTHER_LDFLAGS = "-ObjC";
				PRODUCT_NAME = "$(TARGET_NAME)";
				SKIP_INSTALL = YES;
				SWIFT_OBJC_BRIDGING_HEADER = "RNYotiDocScan-Bridging-Header.h";
				SWIFT_OPTIMIZATION_LEVEL = "-Onone";
				TARGETED_DEVICE_FAMILY = "1,2";
			};
			name = Debug;
		};
		2224907B23E3E53500258582 /* Release */ = {
			isa = XCBuildConfiguration;
			buildSettings = {
				CODE_SIGN_STYLE = Automatic;
				OTHER_LDFLAGS = "-ObjC";
				PRODUCT_NAME = "$(TARGET_NAME)";
				SKIP_INSTALL = YES;
				SWIFT_OBJC_BRIDGING_HEADER = "RNYotiDocScan-Bridging-Header.h";
				TARGETED_DEVICE_FAMILY = "1,2";
			};
			name = Release;
		};
/* End XCBuildConfiguration section */

/* Begin XCConfigurationList section */
		2224906B23E3E53500258582 /* Build configuration list for PBXProject "RNYotiDocScan" */ = {
			isa = XCConfigurationList;
			buildConfigurations = (
				2224907723E3E53500258582 /* Debug */,
				2224907823E3E53500258582 /* Release */,
			);
			defaultConfigurationIsVisible = 0;
			defaultConfigurationName = Release;
		};
		2224907923E3E53500258582 /* Build configuration list for PBXNativeTarget "RNYotiDocScan" */ = {
			isa = XCConfigurationList;
			buildConfigurations = (
				2224907A23E3E53500258582 /* Debug */,
				2224907B23E3E53500258582 /* Release */,
			);
			defaultConfigurationIsVisible = 0;
			defaultConfigurationName = Release;
		};
/* End XCConfigurationList section */
	};
	rootObject = 2224906823E3E53500258582 /* Project object */;
}
